Microsoft Visual Studio Solution File, Format Version 12.00
Project("{FAE04EC0-301F-11D3-BF4B-00C04F79EFBC}") = "GlfwNet", "GlfwNet\GlfwNet.csproj", "{35B1DB1B-A9F6-4911-87B7-275829B62E6F}"
EndProject
Global
	GlobalSection(SolutionConfigurationPlatforms) = preSolution
		Debug|Any CPU = Debug|Any CPU
		Release|Any CPU = Release|Any CPU
	EndGlobalSection
	GlobalSection(ProjectConfigurationPlatforms) = postSolution
		{35B1DB1B-A9F6-4911-87B7-275829B62E6F}.Debug|Any CPU.ActiveCfg = Debug|Any CPU
		{35B1DB1B-A9F6-4911-87B7-275829B62E6F}.Debug|Any CPU.Build.0 = Debug|Any CPU
		{35B1DB1B-A9F6-4911-87B7-275829B62E6F}.Release|Any CPU.ActiveCfg = Release|Any CPU
		{35B1DB1B-A9F6-4911-87B7-275829B62E6F}.Release|Any CPU.Build.0 = Release|Any CPU
	EndGlobalSection
EndGlobal